
Microsoft Visual Studio Solution File, Format Version 12.00
# Visual Studio 15
VisualStudioVersion = 15.0.28307.421
MinimumVisualStudioVersion = 10.0.40219.1
Project("{FAE04EC0-301F-11D3-BF4B-00C04F79EFBC}") = "InterfacePropertyEx", "InterfacePropertyEx\InterfacePropertyEx.csproj", "{AE3A76D0-8B35-4E64-B39C-6941D8D1C676}"
EndProject
Global
	GlobalSection(SolutionConfigurationPlatforms) = preSolution
		Debug|Any CPU = Debug|Any CPU
		Release|Any CPU = Release|Any CPU
	EndGlobalSection
	GlobalSection(ProjectConfigurationPlatforms) = postSolution
		{AE3A76D0-8B35-4E64-B39C-6941D8D1C676}.Debug|Any CPU.ActiveCfg = Debug|Any CPU
		{AE3A76D0-8B35-4E64-B39C-6941D8D1C676}.Debug|Any CPU.Build.0 = Debug|Any CPU
		{AE3A76D0-8B35-4E64-B39C-6941D8D1C676}.Release|Any CPU.ActiveCfg = Release|Any CPU
		{AE3A76D0-8B35-4E64-B39C-6941D8D1C676}.Release|Any CPU.Build.0 = Release|Any CPU
	EndGlobalSection
	GlobalSection(SolutionProperties) = preSolution
		HideSolutionNode = FALSE
	EndGlobalSection
	GlobalSection(ExtensibilityGlobals) = postSolution
		SolutionGuid = {6FC10699-1807-435D-9B58-811173EA3A72}
	EndGlobalSection
EndGlobal
