
Microsoft Visual Studio Solution File, Format Version 12.00
# Visual Studio 15
VisualStudioVersion = 15.0.28307.421
MinimumVisualStudioVersion = 10.0.40219.1
Project("{FAE04EC0-301F-11D3-BF4B-00C04F79EFBC}") = "InheritEx2", "InheritEx2\InheritEx2.csproj", "{F81C875A-665C-47C8-8E2C-37E9BFAC4206}"
EndProject
Global
	GlobalSection(SolutionConfigurationPlatforms) = preSolution
		Debug|Any CPU = Debug|Any CPU
		Release|Any CPU = Release|Any CPU
	EndGlobalSection
	GlobalSection(ProjectConfigurationPlatforms) = postSolution
		{F81C875A-665C-47C8-8E2C-37E9BFAC4206}.Debug|Any CPU.ActiveCfg = Debug|Any CPU
		{F81C875A-665C-47C8-8E2C-37E9BFAC4206}.Debug|Any CPU.Build.0 = Debug|Any CPU
		{F81C875A-665C-47C8-8E2C-37E9BFAC4206}.Release|Any CPU.ActiveCfg = Release|Any CPU
		{F81C875A-665C-47C8-8E2C-37E9BFAC4206}.Release|Any CPU.Build.0 = Release|Any CPU
	EndGlobalSection
	GlobalSection(SolutionProperties) = preSolution
		HideSolutionNode = FALSE
	EndGlobalSection
	GlobalSection(ExtensibilityGlobals) = postSolution
		SolutionGuid = {3B944360-643F-42BC-8FC7-E5418E59E476}
	EndGlobalSection
EndGlobal
