
Microsoft Visual Studio Solution File, Format Version 12.00
# Visual Studio 15
VisualStudioVersion = 15.0.28307.421
MinimumVisualStudioVersion = 10.0.40219.1
Project("{FAE04EC0-301F-11D3-BF4B-00C04F79EFBC}") = "ThisEx2", "ThisEx2\ThisEx2.csproj", "{348E5BCA-3155-449E-B25C-A6D9A43A4D18}"
EndProject
Global
	GlobalSection(SolutionConfigurationPlatforms) = preSolution
		Debug|Any CPU = Debug|Any CPU
		Release|Any CPU = Release|Any CPU
	EndGlobalSection
	GlobalSection(ProjectConfigurationPlatforms) = postSolution
		{348E5BCA-3155-449E-B25C-A6D9A43A4D18}.Debug|Any CPU.ActiveCfg = Debug|Any CPU
		{348E5BCA-3155-449E-B25C-A6D9A43A4D18}.Debug|Any CPU.Build.0 = Debug|Any CPU
		{348E5BCA-3155-449E-B25C-A6D9A43A4D18}.Release|Any CPU.ActiveCfg = Release|Any CPU
		{348E5BCA-3155-449E-B25C-A6D9A43A4D18}.Release|Any CPU.Build.0 = Release|Any CPU
	EndGlobalSection
	GlobalSection(SolutionProperties) = preSolution
		HideSolutionNode = FALSE
	EndGlobalSection
	GlobalSection(ExtensibilityGlobals) = postSolution
		SolutionGuid = {5AFCB3EF-F6DB-4184-9FBE-AD3F59005320}
	EndGlobalSection
EndGlobal
