
Microsoft Visual Studio Solution File, Format Version 12.00
# Visual Studio 15
VisualStudioVersion = 15.0.28307.421
MinimumVisualStudioVersion = 10.0.40219.1
Project("{FAE04EC0-301F-11D3-BF4B-00C04F79EFBC}") = "PropertyEx", "PropertyEx\PropertyEx.csproj", "{468BFBED-897D-44C8-A086-7060C5A09ECB}"
EndProject
Global
	GlobalSection(SolutionConfigurationPlatforms) = preSolution
		Debug|Any CPU = Debug|Any CPU
		Release|Any CPU = Release|Any CPU
	EndGlobalSection
	GlobalSection(ProjectConfigurationPlatforms) = postSolution
		{468BFBED-897D-44C8-A086-7060C5A09ECB}.Debug|Any CPU.ActiveCfg = Debug|Any CPU
		{468BFBED-897D-44C8-A086-7060C5A09ECB}.Debug|Any CPU.Build.0 = Debug|Any CPU
		{468BFBED-897D-44C8-A086-7060C5A09ECB}.Release|Any CPU.ActiveCfg = Release|Any CPU
		{468BFBED-897D-44C8-A086-7060C5A09ECB}.Release|Any CPU.Build.0 = Release|Any CPU
	EndGlobalSection
	GlobalSection(SolutionProperties) = preSolution
		HideSolutionNode = FALSE
	EndGlobalSection
	GlobalSection(ExtensibilityGlobals) = postSolution
		SolutionGuid = {9B1E1859-D677-41CF-A264-9E69BE330A8E}
	EndGlobalSection
EndGlobal
