
Microsoft Visual Studio Solution File, Format Version 12.00
# Visual Studio 15
VisualStudioVersion = 15.0.28307.421
MinimumVisualStudioVersion = 10.0.40219.1
Project("{FAE04EC0-301F-11D3-BF4B-00C04F79EFBC}") = "AbstractPropertyEx", "AbstractPropertyEx\AbstractPropertyEx.csproj", "{EB3E9FC5-1A0D-4237-9417-5A1D276B384A}"
EndProject
Global
	GlobalSection(SolutionConfigurationPlatforms) = preSolution
		Debug|Any CPU = Debug|Any CPU
		Release|Any CPU = Release|Any CPU
	EndGlobalSection
	GlobalSection(ProjectConfigurationPlatforms) = postSolution
		{EB3E9FC5-1A0D-4237-9417-5A1D276B384A}.Debug|Any CPU.ActiveCfg = Debug|Any CPU
		{EB3E9FC5-1A0D-4237-9417-5A1D276B384A}.Debug|Any CPU.Build.0 = Debug|Any CPU
		{EB3E9FC5-1A0D-4237-9417-5A1D276B384A}.Release|Any CPU.ActiveCfg = Release|Any CPU
		{EB3E9FC5-1A0D-4237-9417-5A1D276B384A}.Release|Any CPU.Build.0 = Release|Any CPU
	EndGlobalSection
	GlobalSection(SolutionProperties) = preSolution
		HideSolutionNode = FALSE
	EndGlobalSection
	GlobalSection(ExtensibilityGlobals) = postSolution
		SolutionGuid = {5A901782-39EA-4DD3-A913-4534F852D754}
	EndGlobalSection
EndGlobal
