
Microsoft Visual Studio Solution File, Format Version 12.00
# Visual Studio 15
VisualStudioVersion = 15.0.28307.421
MinimumVisualStudioVersion = 10.0.40219.1
Project("{FAE04EC0-301F-11D3-BF4B-00C04F79EFBC}") = "AbstractClassEx", "AbstractClassEx\AbstractClassEx.csproj", "{BACDB9D5-3302-4EE3-ACD0-1DBE7CCB511D}"
EndProject
Global
	GlobalSection(SolutionConfigurationPlatforms) = preSolution
		Debug|Any CPU = Debug|Any CPU
		Release|Any CPU = Release|Any CPU
	EndGlobalSection
	GlobalSection(ProjectConfigurationPlatforms) = postSolution
		{BACDB9D5-3302-4EE3-ACD0-1DBE7CCB511D}.Debug|Any CPU.ActiveCfg = Debug|Any CPU
		{BACDB9D5-3302-4EE3-ACD0-1DBE7CCB511D}.Debug|Any CPU.Build.0 = Debug|Any CPU
		{BACDB9D5-3302-4EE3-ACD0-1DBE7CCB511D}.Release|Any CPU.ActiveCfg = Release|Any CPU
		{BACDB9D5-3302-4EE3-ACD0-1DBE7CCB511D}.Release|Any CPU.Build.0 = Release|Any CPU
	EndGlobalSection
	GlobalSection(SolutionProperties) = preSolution
		HideSolutionNode = FALSE
	EndGlobalSection
	GlobalSection(ExtensibilityGlobals) = postSolution
		SolutionGuid = {5522C2F2-6968-4608-886D-1348D29642F7}
	EndGlobalSection
EndGlobal
