
Microsoft Visual Studio Solution File, Format Version 12.00
# Visual Studio 15
VisualStudioVersion = 15.0.28307.421
MinimumVisualStudioVersion = 10.0.40219.1
Project("{FAE04EC0-301F-11D3-BF4B-00C04F79EFBC}") = "PropertyEx2", "PropertyEx2\PropertyEx2.csproj", "{224B7A51-8518-4CB6-9E46-A11F17BA16E9}"
EndProject
Global
	GlobalSection(SolutionConfigurationPlatforms) = preSolution
		Debug|Any CPU = Debug|Any CPU
		Release|Any CPU = Release|Any CPU
	EndGlobalSection
	GlobalSection(ProjectConfigurationPlatforms) = postSolution
		{224B7A51-8518-4CB6-9E46-A11F17BA16E9}.Debug|Any CPU.ActiveCfg = Debug|Any CPU
		{224B7A51-8518-4CB6-9E46-A11F17BA16E9}.Debug|Any CPU.Build.0 = Debug|Any CPU
		{224B7A51-8518-4CB6-9E46-A11F17BA16E9}.Release|Any CPU.ActiveCfg = Release|Any CPU
		{224B7A51-8518-4CB6-9E46-A11F17BA16E9}.Release|Any CPU.Build.0 = Release|Any CPU
	EndGlobalSection
	GlobalSection(SolutionProperties) = preSolution
		HideSolutionNode = FALSE
	EndGlobalSection
	GlobalSection(ExtensibilityGlobals) = postSolution
		SolutionGuid = {7880A912-01CA-444B-8F18-BCDF5FDD1FC2}
	EndGlobalSection
EndGlobal
