
Microsoft Visual Studio Solution File, Format Version 12.00
# Visual Studio 15
VisualStudioVersion = 15.0.28307.421
MinimumVisualStudioVersion = 10.0.40219.1
Project("{FAE04EC0-301F-11D3-BF4B-00C04F79EFBC}") = "Generics", "Generics\Generics.csproj", "{65D083B7-D9C0-42F9-ADED-D694367AA2FD}"
EndProject
Global
	GlobalSection(SolutionConfigurationPlatforms) = preSolution
		Debug|Any CPU = Debug|Any CPU
		Release|Any CPU = Release|Any CPU
	EndGlobalSection
	GlobalSection(ProjectConfigurationPlatforms) = postSolution
		{65D083B7-D9C0-42F9-ADED-D694367AA2FD}.Debug|Any CPU.ActiveCfg = Debug|Any CPU
		{65D083B7-D9C0-42F9-ADED-D694367AA2FD}.Debug|Any CPU.Build.0 = Debug|Any CPU
		{65D083B7-D9C0-42F9-ADED-D694367AA2FD}.Release|Any CPU.ActiveCfg = Release|Any CPU
		{65D083B7-D9C0-42F9-ADED-D694367AA2FD}.Release|Any CPU.Build.0 = Release|Any CPU
	EndGlobalSection
	GlobalSection(SolutionProperties) = preSolution
		HideSolutionNode = FALSE
	EndGlobalSection
	GlobalSection(ExtensibilityGlobals) = postSolution
		SolutionGuid = {0F263153-71F2-4B08-B85D-015B9CF9D987}
	EndGlobalSection
EndGlobal
