
Microsoft Visual Studio Solution File, Format Version 12.00
# Visual Studio 15
VisualStudioVersion = 15.0.28307.421
MinimumVisualStudioVersion = 10.0.40219.1
Project("{FAE04EC0-301F-11D3-BF4B-00C04F79EFBC}") = "yieldEx", "yieldEx\yieldEx.csproj", "{43626A10-F81C-4E3B-9C25-A0657173463E}"
EndProject
Global
	GlobalSection(SolutionConfigurationPlatforms) = preSolution
		Debug|Any CPU = Debug|Any CPU
		Release|Any CPU = Release|Any CPU
	EndGlobalSection
	GlobalSection(ProjectConfigurationPlatforms) = postSolution
		{43626A10-F81C-4E3B-9C25-A0657173463E}.Debug|Any CPU.ActiveCfg = Debug|Any CPU
		{43626A10-F81C-4E3B-9C25-A0657173463E}.Debug|Any CPU.Build.0 = Debug|Any CPU
		{43626A10-F81C-4E3B-9C25-A0657173463E}.Release|Any CPU.ActiveCfg = Release|Any CPU
		{43626A10-F81C-4E3B-9C25-A0657173463E}.Release|Any CPU.Build.0 = Release|Any CPU
	EndGlobalSection
	GlobalSection(SolutionProperties) = preSolution
		HideSolutionNode = FALSE
	EndGlobalSection
	GlobalSection(ExtensibilityGlobals) = postSolution
		SolutionGuid = {FD6FA426-0ED4-47E0-9AA2-FC42EE143953}
	EndGlobalSection
EndGlobal
